
Microsoft Visual Studio Solution File, Format Version 12.00
Project("{FAE04EC0-301F-11D3-BF4B-00C04F79EFBC}") = "Mjolksyra.Api", "Mjolksyra.Api\Mjolksyra.Api.csproj", "{619824E8-E30F-4A9D-9822-D9928449CBEC}"
EndProject
Project("{FAE04EC0-301F-11D3-BF4B-00C04F79EFBC}") = "Mjolksyra.Domain", "Mjolksyra.Domain\Mjolksyra.Domain.csproj", "{C7A8596B-9FD3-4A1C-8F06-216B317E1681}"
EndProject
Project("{FAE04EC0-301F-11D3-BF4B-00C04F79EFBC}") = "Mjolksyra.Infrastructure", "Mjolksyra.Infrastructure\Mjolksyra.Infrastructure.csproj", "{B3DF9680-959F-445A-AFAF-E433755B54A6}"
EndProject
Project("{FAE04EC0-301F-11D3-BF4B-00C04F79EFBC}") = "Mjolksyra.UseCases", "Mjolksyra.UseCases\Mjolksyra.UseCases.csproj", "{7F30B930-AF23-4A9F-94DF-ED9CAC66465B}"
EndProject
Global
	GlobalSection(SolutionConfigurationPlatforms) = preSolution
		Debug|Any CPU = Debug|Any CPU
		Release|Any CPU = Release|Any CPU
	EndGlobalSection
	GlobalSection(ProjectConfigurationPlatforms) = postSolution
		{619824E8-E30F-4A9D-9822-D9928449CBEC}.Debug|Any CPU.ActiveCfg = Debug|Any CPU
		{619824E8-E30F-4A9D-9822-D9928449CBEC}.Debug|Any CPU.Build.0 = Debug|Any CPU
		{619824E8-E30F-4A9D-9822-D9928449CBEC}.Release|Any CPU.ActiveCfg = Release|Any CPU
		{619824E8-E30F-4A9D-9822-D9928449CBEC}.Release|Any CPU.Build.0 = Release|Any CPU
		{C7A8596B-9FD3-4A1C-8F06-216B317E1681}.Debug|Any CPU.ActiveCfg = Debug|Any CPU
		{C7A8596B-9FD3-4A1C-8F06-216B317E1681}.Debug|Any CPU.Build.0 = Debug|Any CPU
		{C7A8596B-9FD3-4A1C-8F06-216B317E1681}.Release|Any CPU.ActiveCfg = Release|Any CPU
		{C7A8596B-9FD3-4A1C-8F06-216B317E1681}.Release|Any CPU.Build.0 = Release|Any CPU
		{B3DF9680-959F-445A-AFAF-E433755B54A6}.Debug|Any CPU.ActiveCfg = Debug|Any CPU
		{B3DF9680-959F-445A-AFAF-E433755B54A6}.Debug|Any CPU.Build.0 = Debug|Any CPU
		{B3DF9680-959F-445A-AFAF-E433755B54A6}.Release|Any CPU.ActiveCfg = Release|Any CPU
		{B3DF9680-959F-445A-AFAF-E433755B54A6}.Release|Any CPU.Build.0 = Release|Any CPU
		{7F30B930-AF23-4A9F-94DF-ED9CAC66465B}.Debug|Any CPU.ActiveCfg = Debug|Any CPU
		{7F30B930-AF23-4A9F-94DF-ED9CAC66465B}.Debug|Any CPU.Build.0 = Debug|Any CPU
		{7F30B930-AF23-4A9F-94DF-ED9CAC66465B}.Release|Any CPU.ActiveCfg = Release|Any CPU
		{7F30B930-AF23-4A9F-94DF-ED9CAC66465B}.Release|Any CPU.Build.0 = Release|Any CPU
	EndGlobalSection
EndGlobal
